
Microsoft Visual Studio Solution File, Format Version 12.00
# Visual Studio 15
VisualStudioVersion = 15.0.28307.1062
MinimumVisualStudioVersion = 10.0.40219.1
Project("{FAE04EC0-301F-11D3-BF4B-00C04F79EFBC}") = "TestsGenerator", "TestsGenerator\TestsGenerator.csproj", "{FC54D6F1-2824-41FB-ABF4-36D0FF97F6B7}"
EndProject
Project("{FAE04EC0-301F-11D3-BF4B-00C04F79EFBC}") = "TestsProject", "TestsProject\TestsProject.csproj", "{074A4223-744A-4D3D-916A-DFEDA760D408}"
EndProject
Global
	GlobalSection(SolutionConfigurationPlatforms) = preSolution
		Debug|Any CPU = Debug|Any CPU
		Release|Any CPU = Release|Any CPU
	EndGlobalSection
	GlobalSection(ProjectConfigurationPlatforms) = postSolution
		{FC54D6F1-2824-41FB-ABF4-36D0FF97F6B7}.Debug|Any CPU.ActiveCfg = Debug|Any CPU
		{FC54D6F1-2824-41FB-ABF4-36D0FF97F6B7}.Debug|Any CPU.Build.0 = Debug|Any CPU
		{FC54D6F1-2824-41FB-ABF4-36D0FF97F6B7}.Release|Any CPU.ActiveCfg = Release|Any CPU
		{FC54D6F1-2824-41FB-ABF4-36D0FF97F6B7}.Release|Any CPU.Build.0 = Release|Any CPU
		{074A4223-744A-4D3D-916A-DFEDA760D408}.Debug|Any CPU.ActiveCfg = Debug|Any CPU
		{074A4223-744A-4D3D-916A-DFEDA760D408}.Debug|Any CPU.Build.0 = Debug|Any CPU
		{074A4223-744A-4D3D-916A-DFEDA760D408}.Release|Any CPU.ActiveCfg = Release|Any CPU
		{074A4223-744A-4D3D-916A-DFEDA760D408}.Release|Any CPU.Build.0 = Release|Any CPU
	EndGlobalSection
	GlobalSection(SolutionProperties) = preSolution
		HideSolutionNode = FALSE
	EndGlobalSection
	GlobalSection(ExtensibilityGlobals) = postSolution
		SolutionGuid = {F4F1E2F0-E632-4999-BDB3-FE7F4E8C81D6}
	EndGlobalSection
EndGlobal
